// !$*UTF8*$!
{
	archiveVersion = 1;
	classes = {
	};
	objectVersion = 56;
	objects = {

/* Begin PBXBuildFile section */
		549068042CF81D120082BAAC /* Compliance_AppApp.swift in Sources */ = {isa = PBXBuildFile; fileRef = 549068032CF81D120082BAAC /* Compliance_AppApp.swift */; };
		549068062CF81D120082BAAC /* ContentView.swift in Sources */ = {isa = PBXBuildFile; fileRef = 549068052CF81D120082BAAC /* ContentView.swift */; };
		549068082CF81D130082BAAC /* Assets.xcassets in Resources */ = {isa = PBXBuildFile; fileRef = 549068072CF81D130082BAAC /* Assets.xcassets */; };
		5490680B2CF81D130082BAAC /* Preview Assets.xcassets in Resources */ = {isa = PBXBuildFile; fileRef = 5490680A2CF81D130082BAAC /* Preview Assets.xcassets */; };
		549068152CF81D130082BAAC /* Compliance_AppTests.swift in Sources */ = {isa = PBXBuildFile; fileRef = 549068142CF81D130082BAAC /* Compliance_AppTests.swift */; };
		5490681F2CF81D130082BAAC /* Compliance_AppUITests.swift in Sources */ = {isa = PBXBuildFile; fileRef = 5490681E2CF81D130082BAAC /* Compliance_AppUITests.swift */; };
		549068212CF81D130082BAAC /* Compliance_AppUITestsLaunchTests.swift in Sources */ = {isa = PBXBuildFile; fileRef = 549068202CF81D130082BAAC /* Compliance_AppUITestsLaunchTests.swift */; };
		549068302CF81D980082BAAC /* NIST53Page.swift in Sources */ = {isa = PBXBuildFile; fileRef = 5490682F2CF81D980082BAAC /* NIST53Page.swift */; };
		549068322CF81DB40082BAAC /* ControlFamilyDetailView.swift in Sources */ = {isa = PBXBuildFile; fileRef = 549068312CF81DB40082BAAC /* ControlFamilyDetailView.swift */; };
		549068342CF81DCA0082BAAC /* NIST171Page.swift in Sources */ = {isa = PBXBuildFile; fileRef = 549068332CF81DCA0082BAAC /* NIST171Page.swift */; };
		549068362CF81E010082BAAC /* CIS18Page.swift in Sources */ = {isa = PBXBuildFile; fileRef = 549068352CF81E010082BAAC /* CIS18Page.swift */; };
/* End PBXBuildFile section */

/* Begin PBXContainerItemProxy section */
		549068112CF81D130082BAAC /* PBXContainerItemProxy */ = {
			isa = PBXContainerItemProxy;
			containerPortal = 549067F82CF81D120082BAAC /* Project object */;
			proxyType = 1;
			remoteGlobalIDString = 549067FF2CF81D120082BAAC;
			remoteInfo = "Compliance App";
		};
		5490681B2CF81D130082BAAC /* PBXContainerItemProxy */ = {
			isa = PBXContainerItemProxy;
			containerPortal = 549067F82CF81D120082BAAC /* Project object */;
			proxyType = 1;
			remoteGlobalIDString = 549067FF2CF81D120082BAAC;
			remoteInfo = "Compliance App";
		};
/* End PBXContainerItemProxy section */

/* Begin PBXFileReference section */
		549068002CF81D120082BAAC /* Compliance App.app */ = {isa = PBXFileReference; explicitFileType = wrapper.application; includeInIndex = 0; path = "Compliance App.app"; sourceTree = BUILT_PRODUCTS_DIR; };
		549068032CF81D120082BAAC /* Compliance_AppApp.swift */ = {isa = PBXFileReference; lastKnownFileType = sourcecode.swift; path = Compliance_AppApp.swift; sourceTree = "<group>"; };
		549068052CF81D120082BAAC /* ContentView.swift */ = {isa = PBXFileReference; lastKnownFileType = sourcecode.swift; path = ContentView.swift; sourceTree = "<group>"; };
		549068072CF81D130082BAAC /* Assets.xcassets */ = {isa = PBXFileReference; lastKnownFileType = folder.assetcatalog; path = Assets.xcassets; sourceTree = "<group>"; };
		5490680A2CF81D130082BAAC /* Preview Assets.xcassets */ = {isa = PBXFileReference; lastKnownFileType = folder.assetcatalog; path = "Preview Assets.xcassets"; sourceTree = "<group>"; };
		549068102CF81D130082BAAC /* Compliance AppTests.xctest */ = {isa = PBXFileReference; explicitFileType = wrapper.cfbundle; includeInIndex = 0; path = "Compliance AppTests.xctest"; sourceTree = BUILT_PRODUCTS_DIR; };
		549068142CF81D130082BAAC /* Compliance_AppTests.swift */ = {isa = PBXFileReference; lastKnownFileType = sourcecode.swift; path = Compliance_AppTests.swift; sourceTree = "<group>"; };
		5490681A2CF81D130082BAAC /* Compliance AppUITests.xctest */ = {isa = PBXFileReference; explicitFileType = wrapper.cfbundle; includeInIndex = 0; path = "Compliance AppUITests.xctest"; sourceTree = BUILT_PRODUCTS_DIR; };
		5490681E2CF81D130082BAAC /* Compliance_AppUITests.swift */ = {isa = PBXFileReference; lastKnownFileType = sourcecode.swift; path = Compliance_AppUITests.swift; sourceTree = "<group>"; };
		549068202CF81D130082BAAC /* Compliance_AppUITestsLaunchTests.swift */ = {isa = PBXFileReference; lastKnownFileType = sourcecode.swift; path = Compliance_AppUITestsLaunchTests.swift; sourceTree = "<group>"; };
		5490682F2CF81D980082BAAC /* NIST53Page.swift */ = {isa = PBXFileReference; lastKnownFileType = sourcecode.swift; path = NIST53Page.swift; sourceTree = "<group>"; };
		549068312CF81DB40082BAAC /* ControlFamilyDetailView.swift */ = {isa = PBXFileReference; lastKnownFileType = sourcecode.swift; path = ControlFamilyDetailView.swift; sourceTree = "<group>"; };
		549068332CF81DCA0082BAAC /* NIST171Page.swift */ = {isa = PBXFileReference; lastKnownFileType = sourcecode.swift; path = NIST171Page.swift; sourceTree = "<group>"; };
		549068352CF81E010082BAAC /* CIS18Page.swift */ = {isa = PBXFileReference; lastKnownFileType = sourcecode.swift; path = CIS18Page.swift; sourceTree = "<group>"; };
/* End PBXFileReference section */

/* Begin PBXFrameworksBuildPhase section */
		549067FD2CF81D120082BAAC /* Frameworks */ = {
			isa = PBXFrameworksBuildPhase;
			buildActionMask = 2147483647;
			files = (
			);
			runOnlyForDeploymentPostprocessing = 0;
		};
		5490680D2CF81D130082BAAC /* Frameworks */ = {
			isa = PBXFrameworksBuildPhase;
			buildActionMask = 2147483647;
			files = (
			);
			runOnlyForDeploymentPostprocessing = 0;
		};
		549068172CF81D130082BAAC /* Frameworks */ = {
			isa = PBXFrameworksBuildPhase;
			buildActionMask = 2147483647;
			files = (
			);
			runOnlyForDeploymentPostprocessing = 0;
		};
/* End PBXFrameworksBuildPhase section */

/* Begin PBXGroup section */
		549067F72CF81D120082BAAC = {
			isa = PBXGroup;
			children = (
				549068022CF81D120082BAAC /* Compliance App */,
				549068132CF81D130082BAAC /* Compliance AppTests */,
				5490681D2CF81D130082BAAC /* Compliance AppUITests */,
				549068012CF81D120082BAAC /* Products */,
			);
			sourceTree = "<group>";
		};
		549068012CF81D120082BAAC /* Products */ = {
			isa = PBXGroup;
			children = (
				549068002CF81D120082BAAC /* Compliance App.app */,
				549068102CF81D130082BAAC /* Compliance AppTests.xctest */,
				5490681A2CF81D130082BAAC /* Compliance AppUITests.xctest */,
			);
			name = Products;
			sourceTree = "<group>";
		};
		549068022CF81D120082BAAC /* Compliance App */ = {
			isa = PBXGroup;
			children = (
				549068032CF81D120082BAAC /* Compliance_AppApp.swift */,
				549068052CF81D120082BAAC /* ContentView.swift */,
				549068072CF81D130082BAAC /* Assets.xcassets */,
				549068092CF81D130082BAAC /* Preview Content */,
				5490682F2CF81D980082BAAC /* NIST53Page.swift */,
				549068312CF81DB40082BAAC /* ControlFamilyDetailView.swift */,
				549068332CF81DCA0082BAAC /* NIST171Page.swift */,
				549068352CF81E010082BAAC /* CIS18Page.swift */,
			);
			path = "Compliance App";
			sourceTree = "<group>";
		};
		549068092CF81D130082BAAC /* Preview Content */ = {
			isa = PBXGroup;
			children = (
				5490680A2CF81D130082BAAC /* Preview Assets.xcassets */,
			);
			path = "Preview Content";
			sourceTree = "<group>";
		};
		549068132CF81D130082BAAC /* Compliance AppTests */ = {
			isa = PBXGroup;
			children = (
				549068142CF81D130082BAAC /* Compliance_AppTests.swift */,
			);
			path = "Compliance AppTests";
			sourceTree = "<group>";
		};
		5490681D2CF81D130082BAAC /* Compliance AppUITests */ = {
			isa = PBXGroup;
			children = (
				5490681E2CF81D130082BAAC /* Compliance_AppUITests.swift */,
				549068202CF81D130082BAAC /* Compliance_AppUITestsLaunchTests.swift */,
			);
			path = "Compliance AppUITests";
			sourceTree = "<group>";
		};
/* End PBXGroup section */

/* Begin PBXNativeTarget section */
		549067FF2CF81D120082BAAC /* Compliance App */ = {
			isa = PBXNativeTarget;
			buildConfigurationList = 549068242CF81D130082BAAC /* Build configuration list for PBXNativeTarget "Compliance App" */;
			buildPhases = (
				549067FC2CF81D120082BAAC /* Sources */,
				549067FD2CF81D120082BAAC /* Frameworks */,
				549067FE2CF81D120082BAAC /* Resources */,
			);
			buildRules = (
			);
			dependencies = (
			);
			name = "Compliance App";
			productName = "Compliance App";
			productReference = 549068002CF81D120082BAAC /* Compliance App.app */;
			productType = "com.apple.product-type.application";
		};
		5490680F2CF81D130082BAAC /* Compliance AppTests */ = {
			isa = PBXNativeTarget;
			buildConfigurationList = 549068272CF81D130082BAAC /* Build configuration list for PBXNativeTarget "Compliance AppTests" */;
			buildPhases = (
				5490680C2CF81D130082BAAC /* Sources */,
				5490680D2CF81D130082BAAC /* Frameworks */,
				5490680E2CF81D130082BAAC /* Resources */,
			);
			buildRules = (
			);
			dependencies = (
				549068122CF81D130082BAAC /* PBXTargetDependency */,
			);
			name = "Compliance AppTests";
			productName = "Compliance AppTests";
			productReference = 549068102CF81D130082BAAC /* Compliance AppTests.xctest */;
			productType = "com.apple.product-type.bundle.unit-test";
		};
		549068192CF81D130082BAAC /* Compliance AppUITests */ = {
			isa = PBXNativeTarget;
			buildConfigurationList = 5490682A2CF81D130082BAAC /* Build configuration list for PBXNativeTarget "Compliance AppUITests" */;
			buildPhases = (
				549068162CF81D130082BAAC /* Sources */,
				549068172CF81D130082BAAC /* Frameworks */,
				549068182CF81D130082BAAC /* Resources */,
			);
			buildRules = (
			);
			dependencies = (
				5490681C2CF81D130082BAAC /* PBXTargetDependency */,
			);
			name = "Compliance AppUITests";
			productName = "Compliance AppUITests";
			productReference = 5490681A2CF81D130082BAAC /* Compliance AppUITests.xctest */;
			productType = "com.apple.product-type.bundle.ui-testing";
		};
/* End PBXNativeTarget section */

/* Begin PBXProject section */
		549067F82CF81D120082BAAC /* Project object */ = {
			isa = PBXProject;
			attributes = {
				BuildIndependentTargetsInParallel = 1;
				LastSwiftUpdateCheck = 1530;
				LastUpgradeCheck = 1530;
				TargetAttributes = {
					549067FF2CF81D120082BAAC = {
						CreatedOnToolsVersion = 15.3;
					};
					5490680F2CF81D130082BAAC = {
						CreatedOnToolsVersion = 15.3;
						TestTargetID = 549067FF2CF81D120082BAAC;
					};
					549068192CF81D130082BAAC = {
						CreatedOnToolsVersion = 15.3;
						TestTargetID = 549067FF2CF81D120082BAAC;
					};
				};
			};
			buildConfigurationList = 549067FB2CF81D120082BAAC /* Build configuration list for PBXProject "Compliance App" */;
			compatibilityVersion = "Xcode 14.0";
			developmentRegion = en;
			hasScannedForEncodings = 0;
			knownRegions = (
				en,
				Base,
			);
			mainGroup = 549067F72CF81D120082BAAC;
			productRefGroup = 549068012CF81D120082BAAC /* Products */;
			projectDirPath = "";
			projectRoot = "";
			targets = (
				549067FF2CF81D120082BAAC /* Compliance App */,
				5490680F2CF81D130082BAAC /* Compliance AppTests */,
				549068192CF81D130082BAAC /* Compliance AppUITests */,
			);
		};
/* End PBXProject section */

/* Begin PBXResourcesBuildPhase section */
		549067FE2CF81D120082BAAC /* Resources */ = {
			isa = PBXResourcesBuildPhase;
			buildActionMask = 2147483647;
			files = (
				5490680B2CF81D130082BAAC /* Preview Assets.xcassets in Resources */,
				549068082CF81D130082BAAC /* Assets.xcassets in Resources */,
			);
			runOnlyForDeploymentPostprocessing = 0;
		};
		5490680E2CF81D130082BAAC /* Resources */ = {
			isa = PBXResourcesBuildPhase;
			buildActionMask = 2147483647;
			files = (
			);
			runOnlyForDeploymentPostprocessing = 0;
		};
		549068182CF81D130082BAAC /* Resources */ = {
			isa = PBXResourcesBuildPhase;
			buildActionMask = 2147483647;
			files = (
			);
			runOnlyForDeploymentPostprocessing = 0;
		};
/* End PBXResourcesBuildPhase section */

/* Begin PBXSourcesBuildPhase section */
		549067FC2CF81D120082BAAC /* Sources */ = {
			isa = PBXSourcesBuildPhase;
			buildActionMask = 2147483647;
			files = (
				549068062CF81D120082BAAC /* ContentView.swift in Sources */,
				549068362CF81E010082BAAC /* CIS18Page.swift in Sources */,
				549068322CF81DB40082BAAC /* ControlFamilyDetailView.swift in Sources */,
				549068342CF81DCA0082BAAC /* NIST171Page.swift in Sources */,
				549068302CF81D980082BAAC /* NIST53Page.swift in Sources */,
				549068042CF81D120082BAAC /* Compliance_AppApp.swift in Sources */,
			);
			runOnlyForDeploymentPostprocessing = 0;
		};
		5490680C2CF81D130082BAAC /* Sources */ = {
			isa = PBXSourcesBuildPhase;
			buildActionMask = 2147483647;
			files = (
				549068152CF81D130082BAAC /* Compliance_AppTests.swift in Sources */,
			);
			runOnlyForDeploymentPostprocessing = 0;
		};
		549068162CF81D130082BAAC /* Sources */ = {
			isa = PBXSourcesBuildPhase;
			buildActionMask = 2147483647;
			files = (
				5490681F2CF81D130082BAAC /* Compliance_AppUITests.swift in Sources */,
				549068212CF81D130082BAAC /* Compliance_AppUITestsLaunchTests.swift in Sources */,
			);
			runOnlyForDeploymentPostprocessing = 0;
		};
/* End PBXSourcesBuildPhase section */

/* Begin PBXTargetDependency section */
		549068122CF81D130082BAAC /* PBXTargetDependency */ = {
			isa = PBXTargetDependency;
			target = 549067FF2CF81D120082BAAC /* Compliance App */;
			targetProxy = 549068112CF81D130082BAAC /* PBXContainerItemProxy */;
		};
		5490681C2CF81D130082BAAC /* PBXTargetDependency */ = {
			isa = PBXTargetDependency;
			target = 549067FF2CF81D120082BAAC /* Compliance App */;
			targetProxy = 5490681B2CF81D130082BAAC /* PBXContainerItemProxy */;
		};
/* End PBXTargetDependency section */

/* Begin XCBuildConfiguration section */
		549068222CF81D130082BAAC /* Debug */ = {
			isa = XCBuildConfiguration;
			buildSettings = {
				ALWAYS_SEARCH_USER_PATHS = NO;
				ASSETCATALOG_COMPILER_GENERATE_SWIFT_ASSET_SYMBOL_EXTENSIONS = YES;
				CLANG_ANALYZER_NONNULL = YES;
				CLANG_ANALYZER_NUMBER_OBJECT_CONVERSION = YES_AGGRESSIVE;
				CLANG_CXX_LANGUAGE_STANDARD = "gnu++20";
				CLANG_ENABLE_MODULES = YES;
				CLANG_ENABLE_OBJC_ARC = YES;
				CLANG_ENABLE_OBJC_WEAK = YES;
				CLANG_WARN_BLOCK_CAPTURE_AUTORELEASING = YES;
				CLANG_WARN_BOOL_CONVERSION = YES;
				CLANG_WARN_COMMA = YES;
				CLANG_WARN_CONSTANT_CONVERSION = YES;
				CLANG_WARN_DEPRECATED_OBJC_IMPLEMENTATIONS = YES;
				CLANG_WARN_DIRECT_OBJC_ISA_USAGE = YES_ERROR;
				CLANG_WARN_DOCUMENTATION_COMMENTS = YES;
				CLANG_WARN_EMPTY_BODY = YES;
				CLANG_WARN_ENUM_CONVERSION = YES;
				CLANG_WARN_INFINITE_RECURSION = YES;
				CLANG_WARN_INT_CONVERSION = YES;
				CLANG_WARN_NON_LITERAL_NULL_CONVERSION = YES;
				CLANG_WARN_OBJC_IMPLICIT_RETAIN_SELF = YES;
				CLANG_WARN_OBJC_LITERAL_CONVERSION = YES;
				CLANG_WARN_OBJC_ROOT_CLASS = YES_ERROR;
				CLANG_WARN_QUOTED_INCLUDE_IN_FRAMEWORK_HEADER = YES;
				CLANG_WARN_RANGE_LOOP_ANALYSIS = YES;
				CLANG_WARN_STRICT_PROTOTYPES = YES;
				CLANG_WARN_SUSPICIOUS_MOVE = YES;
				CLANG_WARN_UNGUARDED_AVAILABILITY = YES_AGGRESSIVE;
				CLANG_WARN_UNREACHABLE_CODE = YES;
				CLANG_WARN__DUPLICATE_METHOD_MATCH = YES;
				COPY_PHASE_STRIP = NO;
				DEBUG_INFORMATION_FORMAT = dwarf;
				ENABLE_STRICT_OBJC_MSGSEND = YES;
				ENABLE_TESTABILITY = YES;
				ENABLE_USER_SCRIPT_SANDBOXING = YES;
				GCC_C_LANGUAGE_STANDARD = gnu17;
				GCC_DYNAMIC_NO_PIC = NO;
				GCC_NO_COMMON_BLOCKS = YES;
				GCC_OPTIMIZATION_LEVEL = 0;
				GCC_PREPROCESSOR_DEFINITIONS = (
					"DEBUG=1",
					"$(inherited)",
				);
				GCC_WARN_64_TO_32_BIT_CONVERSION = YES;
				GCC_WARN_ABOUT_RETURN_TYPE = YES_ERROR;
				GCC_WARN_UNDECLARED_SELECTOR = YES;
				GCC_WARN_UNINITIALIZED_AUTOS = YES_AGGRESSIVE;
				GCC_WARN_UNUSED_FUNCTION = YES;
				GCC_WARN_UNUSED_VARIABLE = YES;
				IPHONEOS_DEPLOYMENT_TARGET = 17.4;
				LOCALIZATION_PREFERS_STRING_CATALOGS = YES;
				MTL_ENABLE_DEBUG_INFO = INCLUDE_SOURCE;
				MTL_FAST_MATH = YES;
				ONLY_ACTIVE_ARCH = YES;
				SDKROOT = iphoneos;
				SWIFT_ACTIVE_COMPILATION_CONDITIONS = "DEBUG $(inherited)";
				SWIFT_OPTIMIZATION_LEVEL = "-Onone";
			};
			name = Debug;
		};
		549068232CF81D130082BAAC /* Release */ = {
			isa = XCBuildConfiguration;
			buildSettings = {
				ALWAYS_SEARCH_USER_PATHS = NO;
				ASSETCATALOG_COMPILER_GENERATE_SWIFT_ASSET_SYMBOL_EXTENSIONS = YES;
				CLANG_ANALYZER_NONNULL = YES;
				CLANG_ANALYZER_NUMBER_OBJECT_CONVERSION = YES_AGGRESSIVE;
				CLANG_CXX_LANGUAGE_STANDARD = "gnu++20";
				CLANG_ENABLE_MODULES = YES;
				CLANG_ENABLE_OBJC_ARC = YES;
				CLANG_ENABLE_OBJC_WEAK = YES;
				CLANG_WARN_BLOCK_CAPTURE_AUTORELEASING = YES;
				CLANG_WARN_BOOL_CONVERSION = YES;
				CLANG_WARN_COMMA = YES;
				CLANG_WARN_CONSTANT_CONVERSION = YES;
				CLANG_WARN_DEPRECATED_OBJC_IMPLEMENTATIONS = YES;
				CLANG_WARN_DIRECT_OBJC_ISA_USAGE = YES_ERROR;
				CLANG_WARN_DOCUMENTATION_COMMENTS = YES;
				CLANG_WARN_EMPTY_BODY = YES;
				CLANG_WARN_ENUM_CONVERSION = YES;
				CLANG_WARN_INFINITE_RECURSION = YES;
				CLANG_WARN_INT_CONVERSION = YES;
				CLANG_WARN_NON_LITERAL_NULL_CONVERSION = YES;
				CLANG_WARN_OBJC_IMPLICIT_RETAIN_SELF = YES;
				CLANG_WARN_OBJC_LITERAL_CONVERSION = YES;
				CLANG_WARN_OBJC_ROOT_CLASS = YES_ERROR;
				CLANG_WARN_QUOTED_INCLUDE_IN_FRAMEWORK_HEADER = YES;
				CLANG_WARN_RANGE_LOOP_ANALYSIS = YES;
				CLANG_WARN_STRICT_PROTOTYPES = YES;
				CLANG_WARN_SUSPICIOUS_MOVE = YES;
				CLANG_WARN_UNGUARDED_AVAILABILITY = YES_AGGRESSIVE;
				CLANG_WARN_UNREACHABLE_CODE = YES;
				CLANG_WARN__DUPLICATE_METHOD_MATCH = YES;
				COPY_PHASE_STRIP = NO;
				DEBUG_INFORMATION_FORMAT = "dwarf-with-dsym";
				ENABLE_NS_ASSERTIONS = NO;
				ENABLE_STRICT_OBJC_MSGSEND = YES;
				ENABLE_USER_SCRIPT_SANDBOXING = YES;
				GCC_C_LANGUAGE_STANDARD = gnu17;
				GCC_NO_COMMON_BLOCKS = YES;
				GCC_WARN_64_TO_32_BIT_CONVERSION = YES;
				GCC_WARN_ABOUT_RETURN_TYPE = YES_ERROR;
				GCC_WARN_UNDECLARED_SELECTOR = YES;
				GCC_WARN_UNINITIALIZED_AUTOS = YES_AGGRESSIVE;
				GCC_WARN_UNUSED_FUNCTION = YES;
				GCC_WARN_UNUSED_VARIABLE = YES;
				IPHONEOS_DEPLOYMENT_TARGET = 17.4;
				LOCALIZATION_PREFERS_STRING_CATALOGS = YES;
				MTL_ENABLE_DEBUG_INFO = NO;
				MTL_FAST_MATH = YES;
				SDKROOT = iphoneos;
				SWIFT_COMPILATION_MODE = wholemodule;
				VALIDATE_PRODUCT = YES;
			};
			name = Release;
		};
		549068252CF81D130082BAAC /* Debug */ = {
			isa = XCBuildConfiguration;
			buildSettings = {
				ASSETCATALOG_COMPILER_APPICON_NAME = AppIcon;
				ASSETCATALOG_COMPILER_GLOBAL_ACCENT_COLOR_NAME = AccentColor;
				CODE_SIGN_STYLE = Automatic;
				CURRENT_PROJECT_VERSION = 1;
				DEVELOPMENT_ASSET_PATHS = "\"Compliance App/Preview Content\"";
				ENABLE_PREVIEWS = YES;
				GENERATE_INFOPLIST_FILE = YES;
				INFOPLIST_KEY_UIApplicationSceneManifest_Generation = YES;
				INFOPLIST_KEY_UIApplicationSupportsIndirectInputEvents = YES;
				INFOPLIST_KEY_UILaunchScreen_Generation = YES;
				INFOPLIST_KEY_UISupportedInterfaceOrientations_iPad = "UIInterfaceOrientationPortrait UIInterfaceOrientationPortraitUpsideDown UIInterfaceOrientationLandscapeLeft UIInterfaceOrientationLandscapeRight";
				INFOPLIST_KEY_UISupportedInterfaceOrientations_iPhone = "UIInterfaceOrientationPortrait UIInterfaceOrientationLandscapeLeft UIInterfaceOrientationLandscapeRight";
				LD_RUNPATH_SEARCH_PATHS = (
					"$(inherited)",
					"@executable_path/Frameworks",
				);
				MARKETING_VERSION = 1.0;
				PRODUCT_BUNDLE_IDENTIFIER = "Test.Compliance-App";
				PRODUCT_NAME = "$(TARGET_NAME)";
				SWIFT_EMIT_LOC_STRINGS = YES;
				SWIFT_VERSION = 5.0;
				TARGETED_DEVICE_FAMILY = "1,2";
			};
			name = Debug;
		};
		549068262CF81D130082BAAC /* Release */ = {
			isa = XCBuildConfiguration;
			buildSettings = {
				ASSETCATALOG_COMPILER_APPICON_NAME = AppIcon;
				ASSETCATALOG_COMPILER_GLOBAL_ACCENT_COLOR_NAME = AccentColor;
				CODE_SIGN_STYLE = Automatic;
				CURRENT_PROJECT_VERSION = 1;
				DEVELOPMENT_ASSET_PATHS = "\"Compliance App/Preview Content\"";
				ENABLE_PREVIEWS = YES;
				GENERATE_INFOPLIST_FILE = YES;
				INFOPLIST_KEY_UIApplicationSceneManifest_Generation = YES;
				INFOPLIST_KEY_UIApplicationSupportsIndirectInputEvents = YES;
				INFOPLIST_KEY_UILaunchScreen_Generation = YES;
				INFOPLIST_KEY_UISupportedInterfaceOrientations_iPad = "UIInterfaceOrientationPortrait UIInterfaceOrientationPortraitUpsideDown UIInterfaceOrientationLandscapeLeft UIInterfaceOrientationLandscapeRight";
				INFOPLIST_KEY_UISupportedInterfaceOrientations_iPhone = "UIInterfaceOrientationPortrait UIInterfaceOrientationLandscapeLeft UIInterfaceOrientationLandscapeRight";
				LD_RUNPATH_SEARCH_PATHS = (
					"$(inherited)",
					"@executable_path/Frameworks",
				);
				MARKETING_VERSION = 1.0;
				PRODUCT_BUNDLE_IDENTIFIER = "Test.Compliance-App";
				PRODUCT_NAME = "$(TARGET_NAME)";
				SWIFT_EMIT_LOC_STRINGS = YES;
				SWIFT_VERSION = 5.0;
				TARGETED_DEVICE_FAMILY = "1,2";
			};
			name = Release;
		};
		549068282CF81D130082BAAC /* Debug */ = {
			isa = XCBuildConfiguration;
			buildSettings = {
				ALWAYS_EMBED_SWIFT_STANDARD_LIBRARIES = YES;
				BUNDLE_LOADER = "$(TEST_HOST)";
				CODE_SIGN_STYLE = Automatic;
				CURRENT_PROJECT_VERSION = 1;
				GENERATE_INFOPLIST_FILE = YES;
				IPHONEOS_DEPLOYMENT_TARGET = 17.4;
				MARKETING_VERSION = 1.0;
				PRODUCT_BUNDLE_IDENTIFIER = "Test.Compliance-AppTests";
				PRODUCT_NAME = "$(TARGET_NAME)";
				SWIFT_EMIT_LOC_STRINGS = NO;
				SWIFT_VERSION = 5.0;
				TARGETED_DEVICE_FAMILY = "1,2";
				TEST_HOST = "$(BUILT_PRODUCTS_DIR)/Compliance App.app/$(BUNDLE_EXECUTABLE_FOLDER_PATH)/Compliance App";
			};
			name = Debug;
		};
		549068292CF81D130082BAAC /* Release */ = {
			isa = XCBuildConfiguration;
			buildSettings = {
				ALWAYS_EMBED_SWIFT_STANDARD_LIBRARIES = YES;
				BUNDLE_LOADER = "$(TEST_HOST)";
				CODE_SIGN_STYLE = Automatic;
				CURRENT_PROJECT_VERSION = 1;
				GENERATE_INFOPLIST_FILE = YES;
				IPHONEOS_DEPLOYMENT_TARGET = 17.4;
				MARKETING_VERSION = 1.0;
				PRODUCT_BUNDLE_IDENTIFIER = "Test.Compliance-AppTests";
				PRODUCT_NAME = "$(TARGET_NAME)";
				SWIFT_EMIT_LOC_STRINGS = NO;
				SWIFT_VERSION = 5.0;
				TARGETED_DEVICE_FAMILY = "1,2";
				TEST_HOST = "$(BUILT_PRODUCTS_DIR)/Compliance App.app/$(BUNDLE_EXECUTABLE_FOLDER_PATH)/Compliance App";
			};
			name = Release;
		};
		5490682B2CF81D130082BAAC /* Debug */ = {
			isa = XCBuildConfiguration;
			buildSettings = {
				ALWAYS_EMBED_SWIFT_STANDARD_LIBRARIES = YES;
				CODE_SIGN_STYLE = Automatic;
				CURRENT_PROJECT_VERSION = 1;
				GENERATE_INFOPLIST_FILE = YES;
				MARKETING_VERSION = 1.0;
				PRODUCT_BUNDLE_IDENTIFIER = "Test.Compliance-AppUITests";
				PRODUCT_NAME = "$(TARGET_NAME)";
				SWIFT_EMIT_LOC_STRINGS = NO;
				SWIFT_VERSION = 5.0;
				TARGETED_DEVICE_FAMILY = "1,2";
				TEST_TARGET_NAME = "Compliance App";
			};
			name = Debug;
		};
		5490682C2CF81D130082BAAC /* Release */ = {
			isa = XCBuildConfiguration;
			buildSettings = {
				ALWAYS_EMBED_SWIFT_STANDARD_LIBRARIES = YES;
				CODE_SIGN_STYLE = Automatic;
				CURRENT_PROJECT_VERSION = 1;
				GENERATE_INFOPLIST_FILE = YES;
				MARKETING_VERSION = 1.0;
				PRODUCT_BUNDLE_IDENTIFIER = "Test.Compliance-AppUITests";
				PRODUCT_NAME = "$(TARGET_NAME)";
				SWIFT_EMIT_LOC_STRINGS = NO;
				SWIFT_VERSION = 5.0;
				TARGETED_DEVICE_FAMILY = "1,2";
				TEST_TARGET_NAME = "Compliance App";
			};
			name = Release;
		};
/* End XCBuildConfiguration section */

/* Begin XCConfigurationList section */
		549067FB2CF81D120082BAAC /* Build configuration list for PBXProject "Compliance App" */ = {
			isa = XCConfigurationList;
			buildConfigurations = (
				549068222CF81D130082BAAC /* Debug */,
				549068232CF81D130082BAAC /* Release */,
			);
			defaultConfigurationIsVisible = 0;
			defaultConfigurationName = Release;
		};
		549068242CF81D130082BAAC /* Build configuration list for PBXNativeTarget "Compliance App" */ = {
			isa = XCConfigurationList;
			buildConfigurations = (
				549068252CF81D130082BAAC /* Debug */,
				549068262CF81D130082BAAC /* Release */,
			);
			defaultConfigurationIsVisible = 0;
			defaultConfigurationName = Release;
		};
		549068272CF81D130082BAAC /* Build configuration list for PBXNativeTarget "Compliance AppTests" */ = {
			isa = XCConfigurationList;
			buildConfigurations = (
				549068282CF81D130082BAAC /* Debug */,
				549068292CF81D130082BAAC /* Release */,
			);
			defaultConfigurationIsVisible = 0;
			defaultConfigurationName = Release;
		};
		5490682A2CF81D130082BAAC /* Build configuration list for PBXNativeTarget "Compliance AppUITests" */ = {
			isa = XCConfigurationList;
			buildConfigurations = (
				5490682B2CF81D130082BAAC /* Debug */,
				5490682C2CF81D130082BAAC /* Release */,
			);
			defaultConfigurationIsVisible = 0;
			defaultConfigurationName = Release;
		};
/* End XCConfigurationList section */
	};
	rootObject = 549067F82CF81D120082BAAC /* Project object */;
}
